
Microsoft Visual Studio Solution File, Format Version 12.00
# Visual Studio Version 17
VisualStudioVersion = 17.3.32825.248
MinimumVisualStudioVersion = 10.0.40219.1
Project("{FAE04EC0-301F-11D3-BF4B-00C04F79EFBC}") = "PCRepair-Soft_application", "PCRepair-Soft_application\PCRepair-Soft_application.csproj", "{D75734F0-7C65-4B59-BEC2-01F7F91D5D84}"
EndProject
Global
	GlobalSection(SolutionConfigurationPlatforms) = preSolution
		Debug|Any CPU = Debug|Any CPU
		Release|Any CPU = Release|Any CPU
	EndGlobalSection
	GlobalSection(ProjectConfigurationPlatforms) = postSolution
		{D75734F0-7C65-4B59-BEC2-01F7F91D5D84}.Debug|Any CPU.ActiveCfg = Debug|Any CPU
		{D75734F0-7C65-4B59-BEC2-01F7F91D5D84}.Debug|Any CPU.Build.0 = Debug|Any CPU
		{D75734F0-7C65-4B59-BEC2-01F7F91D5D84}.Release|Any CPU.ActiveCfg = Release|Any CPU
		{D75734F0-7C65-4B59-BEC2-01F7F91D5D84}.Release|Any CPU.Build.0 = Release|Any CPU
	EndGlobalSection
	GlobalSection(SolutionProperties) = preSolution
		HideSolutionNode = FALSE
	EndGlobalSection
	GlobalSection(ExtensibilityGlobals) = postSolution
		SolutionGuid = {BFB7929B-5A18-49EC-895F-79D7FA360081}
	EndGlobalSection
EndGlobal
